
Microsoft Visual Studio Solution File, Format Version 12.00
# Visual Studio Version 16
VisualStudioVersion = 16.0.29503.13
MinimumVisualStudioVersion = 10.0.40219.1
Project("{FAE04EC0-301F-11D3-BF4B-00C04F79EFBC}") = "WebApi", "WebApi\WebApi.csproj", "{A9D43C1A-A20C-4F3C-975A-6B671F30EB41}"
EndProject
Global
	GlobalSection(SolutionConfigurationPlatforms) = preSolution
		Debug|Any CPU = Debug|Any CPU
		Release|Any CPU = Release|Any CPU
	EndGlobalSection
	GlobalSection(ProjectConfigurationPlatforms) = postSolution
		{A9D43C1A-A20C-4F3C-975A-6B671F30EB41}.Debug|Any CPU.ActiveCfg = Debug|Any CPU
		{A9D43C1A-A20C-4F3C-975A-6B671F30EB41}.Debug|Any CPU.Build.0 = Debug|Any CPU
		{A9D43C1A-A20C-4F3C-975A-6B671F30EB41}.Release|Any CPU.ActiveCfg = Release|Any CPU
		{A9D43C1A-A20C-4F3C-975A-6B671F30EB41}.Release|Any CPU.Build.0 = Release|Any CPU
	EndGlobalSection
	GlobalSection(SolutionProperties) = preSolution
		HideSolutionNode = FALSE
	EndGlobalSection
	GlobalSection(ExtensibilityGlobals) = postSolution
		SolutionGuid = {77B13896-0FE3-4CE1-A024-0CB1B54F7F53}
	EndGlobalSection
EndGlobal
